
Microsoft Visual Studio Solution File, Format Version 12.00
# Visual Studio Version 17
VisualStudioVersion = 17.0.31912.275
MinimumVisualStudioVersion = 10.0.40219.1
Project("{9A19103F-16F7-4668-BE54-9A1E7A4F7556}") = "ControleFinanceiro.API", "ControleFinanceiro.API\ControleFinanceiro.API.csproj", "{CB26EB59-3B53-4339-A450-87C4AEE9A85C}"
EndProject
Project("{FAE04EC0-301F-11D3-BF4B-00C04F79EFBC}") = "ControleFinanceiro.BLL", "..\ControleFinanceiro.BLL\ControleFinanceiro.BLL.csproj", "{6CF2CEF3-C3BA-4A50-9B70-D8F2620EB237}"
EndProject
Project("{FAE04EC0-301F-11D3-BF4B-00C04F79EFBC}") = "ControleFinanceiro.DAL", "..\ControleFinanceiro.DAL\ControleFinanceiro.DAL.csproj", "{3BA0BE0C-48DF-4E85-93CA-64B80361AC8D}"
EndProject
Global
	GlobalSection(SolutionConfigurationPlatforms) = preSolution
		Debug|Any CPU = Debug|Any CPU
		Release|Any CPU = Release|Any CPU
	EndGlobalSection
	GlobalSection(ProjectConfigurationPlatforms) = postSolution
		{CB26EB59-3B53-4339-A450-87C4AEE9A85C}.Debug|Any CPU.ActiveCfg = Debug|Any CPU
		{CB26EB59-3B53-4339-A450-87C4AEE9A85C}.Debug|Any CPU.Build.0 = Debug|Any CPU
		{CB26EB59-3B53-4339-A450-87C4AEE9A85C}.Release|Any CPU.ActiveCfg = Release|Any CPU
		{CB26EB59-3B53-4339-A450-87C4AEE9A85C}.Release|Any CPU.Build.0 = Release|Any CPU
		{6CF2CEF3-C3BA-4A50-9B70-D8F2620EB237}.Debug|Any CPU.ActiveCfg = Debug|Any CPU
		{6CF2CEF3-C3BA-4A50-9B70-D8F2620EB237}.Debug|Any CPU.Build.0 = Debug|Any CPU
		{6CF2CEF3-C3BA-4A50-9B70-D8F2620EB237}.Release|Any CPU.ActiveCfg = Release|Any CPU
		{6CF2CEF3-C3BA-4A50-9B70-D8F2620EB237}.Release|Any CPU.Build.0 = Release|Any CPU
		{3BA0BE0C-48DF-4E85-93CA-64B80361AC8D}.Debug|Any CPU.ActiveCfg = Debug|Any CPU
		{3BA0BE0C-48DF-4E85-93CA-64B80361AC8D}.Debug|Any CPU.Build.0 = Debug|Any CPU
		{3BA0BE0C-48DF-4E85-93CA-64B80361AC8D}.Release|Any CPU.ActiveCfg = Release|Any CPU
		{3BA0BE0C-48DF-4E85-93CA-64B80361AC8D}.Release|Any CPU.Build.0 = Release|Any CPU
	EndGlobalSection
	GlobalSection(SolutionProperties) = preSolution
		HideSolutionNode = FALSE
	EndGlobalSection
	GlobalSection(ExtensibilityGlobals) = postSolution
		SolutionGuid = {918B746F-21B0-44A8-B85E-C4C999C0CD1C}
	EndGlobalSection
EndGlobal
